
Microsoft Visual Studio Solution File, Format Version 12.00
# Visual Studio Version 16
VisualStudioVersion = 16.0.31424.327
MinimumVisualStudioVersion = 10.0.40219.1
Project("{FAE04EC0-301F-11D3-BF4B-00C04F79EFBC}") = "Foreach", "Foreach\Foreach.csproj", "{3DF36605-4882-4BDB-BEA6-629253A0E6B0}"
EndProject
Global
	GlobalSection(SolutionConfigurationPlatforms) = preSolution
		Debug|Any CPU = Debug|Any CPU
		Release|Any CPU = Release|Any CPU
	EndGlobalSection
	GlobalSection(ProjectConfigurationPlatforms) = postSolution
		{3DF36605-4882-4BDB-BEA6-629253A0E6B0}.Debug|Any CPU.ActiveCfg = Debug|Any CPU
		{3DF36605-4882-4BDB-BEA6-629253A0E6B0}.Debug|Any CPU.Build.0 = Debug|Any CPU
		{3DF36605-4882-4BDB-BEA6-629253A0E6B0}.Release|Any CPU.ActiveCfg = Release|Any CPU
		{3DF36605-4882-4BDB-BEA6-629253A0E6B0}.Release|Any CPU.Build.0 = Release|Any CPU
	EndGlobalSection
	GlobalSection(SolutionProperties) = preSolution
		HideSolutionNode = FALSE
	EndGlobalSection
	GlobalSection(ExtensibilityGlobals) = postSolution
		SolutionGuid = {55C27558-EAE5-4A82-8035-6DCE3D04C517}
	EndGlobalSection
EndGlobal
