
Microsoft Visual Studio Solution File, Format Version 12.00
# Visual Studio Version 16
VisualStudioVersion = 16.0.31424.327
MinimumVisualStudioVersion = 10.0.40219.1
Project("{FAE04EC0-301F-11D3-BF4B-00C04F79EFBC}") = "ConditionNull", "ConditionNull\ConditionNull.csproj", "{03A18B87-71F8-4DCE-84EC-FD86BD312084}"
EndProject
Global
	GlobalSection(SolutionConfigurationPlatforms) = preSolution
		Debug|Any CPU = Debug|Any CPU
		Release|Any CPU = Release|Any CPU
	EndGlobalSection
	GlobalSection(ProjectConfigurationPlatforms) = postSolution
		{03A18B87-71F8-4DCE-84EC-FD86BD312084}.Debug|Any CPU.ActiveCfg = Debug|Any CPU
		{03A18B87-71F8-4DCE-84EC-FD86BD312084}.Debug|Any CPU.Build.0 = Debug|Any CPU
		{03A18B87-71F8-4DCE-84EC-FD86BD312084}.Release|Any CPU.ActiveCfg = Release|Any CPU
		{03A18B87-71F8-4DCE-84EC-FD86BD312084}.Release|Any CPU.Build.0 = Release|Any CPU
	EndGlobalSection
	GlobalSection(SolutionProperties) = preSolution
		HideSolutionNode = FALSE
	EndGlobalSection
	GlobalSection(ExtensibilityGlobals) = postSolution
		SolutionGuid = {83778E10-4510-4FBA-AAD0-E197F593E039}
	EndGlobalSection
EndGlobal
