
Microsoft Visual Studio Solution File, Format Version 12.00
# Visual Studio Version 16
VisualStudioVersion = 16.0.31424.327
MinimumVisualStudioVersion = 10.0.40219.1
Project("{FAE04EC0-301F-11D3-BF4B-00C04F79EFBC}") = "OtherOperator", "OtherOperator\OtherOperator.csproj", "{370B806A-DC1C-41EC-9197-57C40E7A6471}"
EndProject
Global
	GlobalSection(SolutionConfigurationPlatforms) = preSolution
		Debug|Any CPU = Debug|Any CPU
		Release|Any CPU = Release|Any CPU
	EndGlobalSection
	GlobalSection(ProjectConfigurationPlatforms) = postSolution
		{370B806A-DC1C-41EC-9197-57C40E7A6471}.Debug|Any CPU.ActiveCfg = Debug|Any CPU
		{370B806A-DC1C-41EC-9197-57C40E7A6471}.Debug|Any CPU.Build.0 = Debug|Any CPU
		{370B806A-DC1C-41EC-9197-57C40E7A6471}.Release|Any CPU.ActiveCfg = Release|Any CPU
		{370B806A-DC1C-41EC-9197-57C40E7A6471}.Release|Any CPU.Build.0 = Release|Any CPU
	EndGlobalSection
	GlobalSection(SolutionProperties) = preSolution
		HideSolutionNode = FALSE
	EndGlobalSection
	GlobalSection(ExtensibilityGlobals) = postSolution
		SolutionGuid = {A48BB257-5430-46A9-BCB1-B206BE6B64B2}
	EndGlobalSection
EndGlobal
