
Microsoft Visual Studio Solution File, Format Version 12.00
# Visual Studio Version 16
VisualStudioVersion = 16.0.31424.327
MinimumVisualStudioVersion = 10.0.40219.1
Project("{FAE04EC0-301F-11D3-BF4B-00C04F79EFBC}") = "StrLength", "StrLength\StrLength.csproj", "{CCD37BEE-9D61-479B-80B3-1F357F50A524}"
EndProject
Global
	GlobalSection(SolutionConfigurationPlatforms) = preSolution
		Debug|Any CPU = Debug|Any CPU
		Release|Any CPU = Release|Any CPU
	EndGlobalSection
	GlobalSection(ProjectConfigurationPlatforms) = postSolution
		{CCD37BEE-9D61-479B-80B3-1F357F50A524}.Debug|Any CPU.ActiveCfg = Debug|Any CPU
		{CCD37BEE-9D61-479B-80B3-1F357F50A524}.Debug|Any CPU.Build.0 = Debug|Any CPU
		{CCD37BEE-9D61-479B-80B3-1F357F50A524}.Release|Any CPU.ActiveCfg = Release|Any CPU
		{CCD37BEE-9D61-479B-80B3-1F357F50A524}.Release|Any CPU.Build.0 = Release|Any CPU
	EndGlobalSection
	GlobalSection(SolutionProperties) = preSolution
		HideSolutionNode = FALSE
	EndGlobalSection
	GlobalSection(ExtensibilityGlobals) = postSolution
		SolutionGuid = {5E45FA52-B2AB-4D6E-89A1-82065D97D3CB}
	EndGlobalSection
EndGlobal
