
Microsoft Visual Studio Solution File, Format Version 12.00
# Visual Studio Version 16
VisualStudioVersion = 16.0.31424.327
MinimumVisualStudioVersion = 10.0.40219.1
Project("{FAE04EC0-301F-11D3-BF4B-00C04F79EFBC}") = "StrSplit", "StrSplit\StrSplit.csproj", "{E393C441-AD49-41C4-A26B-D01369C50230}"
EndProject
Global
	GlobalSection(SolutionConfigurationPlatforms) = preSolution
		Debug|Any CPU = Debug|Any CPU
		Release|Any CPU = Release|Any CPU
	EndGlobalSection
	GlobalSection(ProjectConfigurationPlatforms) = postSolution
		{E393C441-AD49-41C4-A26B-D01369C50230}.Debug|Any CPU.ActiveCfg = Debug|Any CPU
		{E393C441-AD49-41C4-A26B-D01369C50230}.Debug|Any CPU.Build.0 = Debug|Any CPU
		{E393C441-AD49-41C4-A26B-D01369C50230}.Release|Any CPU.ActiveCfg = Release|Any CPU
		{E393C441-AD49-41C4-A26B-D01369C50230}.Release|Any CPU.Build.0 = Release|Any CPU
	EndGlobalSection
	GlobalSection(SolutionProperties) = preSolution
		HideSolutionNode = FALSE
	EndGlobalSection
	GlobalSection(ExtensibilityGlobals) = postSolution
		SolutionGuid = {D5D477C6-671E-4B2A-8147-DF6B910EA80B}
	EndGlobalSection
EndGlobal
